
Microsoft Visual Studio Solution File, Format Version 12.00
# Visual Studio Version 17
VisualStudioVersion = 17.4.33213.308
MinimumVisualStudioVersion = 10.0.40219.1
Project("{FAE04EC0-301F-11D3-BF4B-00C04F79EFBC}") = "Calculadora", "Calculadora\Calculadora.csproj", "{40B3AB47-E701-4C30-9BC2-5FBED30D4990}"
EndProject
Global
	GlobalSection(SolutionConfigurationPlatforms) = preSolution
		Debug|Any CPU = Debug|Any CPU
		Release|Any CPU = Release|Any CPU
	EndGlobalSection
	GlobalSection(ProjectConfigurationPlatforms) = postSolution
		{40B3AB47-E701-4C30-9BC2-5FBED30D4990}.Debug|Any CPU.ActiveCfg = Debug|Any CPU
		{40B3AB47-E701-4C30-9BC2-5FBED30D4990}.Debug|Any CPU.Build.0 = Debug|Any CPU
		{40B3AB47-E701-4C30-9BC2-5FBED30D4990}.Release|Any CPU.ActiveCfg = Release|Any CPU
		{40B3AB47-E701-4C30-9BC2-5FBED30D4990}.Release|Any CPU.Build.0 = Release|Any CPU
	EndGlobalSection
	GlobalSection(SolutionProperties) = preSolution
		HideSolutionNode = FALSE
	EndGlobalSection
	GlobalSection(ExtensibilityGlobals) = postSolution
		SolutionGuid = {C497BD26-5015-4285-8E96-85BEB1EE70A0}
	EndGlobalSection
EndGlobal
